
Microsoft Visual Studio Solution File, Format Version 12.00
Project("{FAE04EC0-301F-11D3-BF4B-00C04F79EFBC}") = "Shipments_of_building_materials.", "Shipments_of_building_materials\Shipments_of_building_materials..csproj", "{C620EFAD-F70C-4B79-85C4-86D303390612}"
EndProject
Global
	GlobalSection(SolutionConfigurationPlatforms) = preSolution
		Debug|Any CPU = Debug|Any CPU
		Release|Any CPU = Release|Any CPU
	EndGlobalSection
	GlobalSection(ProjectConfigurationPlatforms) = postSolution
		{C620EFAD-F70C-4B79-85C4-86D303390612}.Debug|Any CPU.ActiveCfg = Debug|Any CPU
		{C620EFAD-F70C-4B79-85C4-86D303390612}.Debug|Any CPU.Build.0 = Debug|Any CPU
		{C620EFAD-F70C-4B79-85C4-86D303390612}.Release|Any CPU.ActiveCfg = Release|Any CPU
		{C620EFAD-F70C-4B79-85C4-86D303390612}.Release|Any CPU.Build.0 = Release|Any CPU
	EndGlobalSection
EndGlobal
